
Microsoft Visual Studio Solution File, Format Version 12.00
# Visual Studio Version 16
VisualStudioVersion = 16.0.30011.22
MinimumVisualStudioVersion = 10.0.40219.1
Project("{FAE04EC0-301F-11D3-BF4B-00C04F79EFBC}") = "startree", "startree\startree.csproj", "{C9D8936E-E74B-424C-879D-9B130B764DF6}"
EndProject
Global
	GlobalSection(SolutionConfigurationPlatforms) = preSolution
		Debug|Any CPU = Debug|Any CPU
		Release|Any CPU = Release|Any CPU
	EndGlobalSection
	GlobalSection(ProjectConfigurationPlatforms) = postSolution
		{C9D8936E-E74B-424C-879D-9B130B764DF6}.Debug|Any CPU.ActiveCfg = Debug|Any CPU
		{C9D8936E-E74B-424C-879D-9B130B764DF6}.Debug|Any CPU.Build.0 = Debug|Any CPU
		{C9D8936E-E74B-424C-879D-9B130B764DF6}.Release|Any CPU.ActiveCfg = Release|Any CPU
		{C9D8936E-E74B-424C-879D-9B130B764DF6}.Release|Any CPU.Build.0 = Release|Any CPU
	EndGlobalSection
	GlobalSection(SolutionProperties) = preSolution
		HideSolutionNode = FALSE
	EndGlobalSection
	GlobalSection(ExtensibilityGlobals) = postSolution
		SolutionGuid = {ABFDB654-A2E1-4D47-A220-A2B361B0B279}
	EndGlobalSection
EndGlobal
